
Microsoft Visual Studio Solution File, Format Version 12.00
# Visual Studio 15
VisualStudioVersion = 15.0.27703.2000
MinimumVisualStudioVersion = 10.0.40219.1
Project("{FAE04EC0-301F-11D3-BF4B-00C04F79EFBC}") = "WoodlandsSupplyCoWebApp", "WoodlandsSupplyCoWebApp\WoodlandsSupplyCoWebApp.csproj", "{D3E781F3-4AF5-4978-9A09-90D04E618856}"
EndProject
Global
	GlobalSection(SolutionConfigurationPlatforms) = preSolution
		Debug|Any CPU = Debug|Any CPU
		Release|Any CPU = Release|Any CPU
	EndGlobalSection
	GlobalSection(ProjectConfigurationPlatforms) = postSolution
		{D3E781F3-4AF5-4978-9A09-90D04E618856}.Debug|Any CPU.ActiveCfg = Debug|Any CPU
		{D3E781F3-4AF5-4978-9A09-90D04E618856}.Debug|Any CPU.Build.0 = Debug|Any CPU
		{D3E781F3-4AF5-4978-9A09-90D04E618856}.Release|Any CPU.ActiveCfg = Release|Any CPU
		{D3E781F3-4AF5-4978-9A09-90D04E618856}.Release|Any CPU.Build.0 = Release|Any CPU
	EndGlobalSection
	GlobalSection(SolutionProperties) = preSolution
		HideSolutionNode = FALSE
	EndGlobalSection
	GlobalSection(ExtensibilityGlobals) = postSolution
		SolutionGuid = {A7570332-3DD4-478F-89F4-BEAD9BBC41C5}
	EndGlobalSection
EndGlobal
